
Microsoft Visual Studio Solution File, Format Version 12.00
# Visual Studio Version 16
VisualStudioVersion = 16.0.33027.164
MinimumVisualStudioVersion = 10.0.40219.1
Project("{FAE04EC0-301F-11D3-BF4B-00C04F79EFBC}") = "Rationnel", "Rationnel\Rationnel.csproj", "{004D0D42-3E7D-47F5-B105-3997144C5FBB}"
EndProject
Project("{FAE04EC0-301F-11D3-BF4B-00C04F79EFBC}") = "TestRationnel", "TestRationnel\TestRationnel.csproj", "{BAD63B76-F306-4CE9-BFE5-7F736FC2C20F}"
EndProject
Global
	GlobalSection(SolutionConfigurationPlatforms) = preSolution
		Debug|Any CPU = Debug|Any CPU
		Release|Any CPU = Release|Any CPU
	EndGlobalSection
	GlobalSection(ProjectConfigurationPlatforms) = postSolution
		{004D0D42-3E7D-47F5-B105-3997144C5FBB}.Debug|Any CPU.ActiveCfg = Debug|Any CPU
		{004D0D42-3E7D-47F5-B105-3997144C5FBB}.Debug|Any CPU.Build.0 = Debug|Any CPU
		{004D0D42-3E7D-47F5-B105-3997144C5FBB}.Release|Any CPU.ActiveCfg = Release|Any CPU
		{004D0D42-3E7D-47F5-B105-3997144C5FBB}.Release|Any CPU.Build.0 = Release|Any CPU
		{BAD63B76-F306-4CE9-BFE5-7F736FC2C20F}.Debug|Any CPU.ActiveCfg = Debug|Any CPU
		{BAD63B76-F306-4CE9-BFE5-7F736FC2C20F}.Debug|Any CPU.Build.0 = Debug|Any CPU
		{BAD63B76-F306-4CE9-BFE5-7F736FC2C20F}.Release|Any CPU.ActiveCfg = Release|Any CPU
		{BAD63B76-F306-4CE9-BFE5-7F736FC2C20F}.Release|Any CPU.Build.0 = Release|Any CPU
	EndGlobalSection
	GlobalSection(SolutionProperties) = preSolution
		HideSolutionNode = FALSE
	EndGlobalSection
	GlobalSection(ExtensibilityGlobals) = postSolution
		SolutionGuid = {698C6223-6C5E-40F2-8F8E-A2C31614CBE6}
	EndGlobalSection
EndGlobal
